
Microsoft Visual Studio Solution File, Format Version 12.00
# Visual Studio 2013
VisualStudioVersion = 12.0.21005.1
MinimumVisualStudioVersion = 10.0.40219.1
Project("{FAE04EC0-301F-11D3-BF4B-00C04F79EFBC}") = "abdatasolution", "abdatasolution\abdatasolution.csproj", "{32EA17CE-D29F-4A37-851C-72F61A6E249F}"
EndProject
Global
	GlobalSection(SolutionConfigurationPlatforms) = preSolution
		Debug|Any CPU = Debug|Any CPU
		Release|Any CPU = Release|Any CPU
	EndGlobalSection
	GlobalSection(ProjectConfigurationPlatforms) = postSolution
		{32EA17CE-D29F-4A37-851C-72F61A6E249F}.Debug|Any CPU.ActiveCfg = Debug|Any CPU
		{32EA17CE-D29F-4A37-851C-72F61A6E249F}.Debug|Any CPU.Build.0 = Debug|Any CPU
		{32EA17CE-D29F-4A37-851C-72F61A6E249F}.Release|Any CPU.ActiveCfg = Release|Any CPU
		{32EA17CE-D29F-4A37-851C-72F61A6E249F}.Release|Any CPU.Build.0 = Release|Any CPU
	EndGlobalSection
	GlobalSection(SolutionProperties) = preSolution
		HideSolutionNode = FALSE
	EndGlobalSection
EndGlobal
